
Microsoft Visual Studio Solution File, Format Version 12.00
# Visual Studio Version 16
VisualStudioVersion = 16.0.30204.135
MinimumVisualStudioVersion = 10.0.40219.1
Project("{9A19103F-16F7-4668-BE54-9A1E7A4F7556}") = "CleanView.Server", "CleanView\Server\CleanView.Server.csproj", "{F12A9C82-09ED-451A-B746-068F58C9A081}"
EndProject
Project("{9A19103F-16F7-4668-BE54-9A1E7A4F7556}") = "CleanView.Client", "CleanView\Client\CleanView.Client.csproj", "{E19E2CDB-262D-4451-AC08-4DC6AE22BB42}"
EndProject
Project("{9A19103F-16F7-4668-BE54-9A1E7A4F7556}") = "CleanView.Shared", "CleanView\Shared\CleanView.Shared.csproj", "{B84CCA5A-4C6F-42A8-8697-E4BB5548862F}"
EndProject
Project("{9A19103F-16F7-4668-BE54-9A1E7A4F7556}") = "CleanView", "CleanView\CleanView\CleanView.csproj", "{9DB4758C-839A-4D1E-85F2-974048D61B99}"
EndProject
Project("{2150E333-8FDC-42A3-9474-1A3956D46DE8}") = "Solution Items", "Solution Items", "{EA1299AC-5D44-4D21-820A-CE14C6F8F135}"
	ProjectSection(SolutionItems) = preProject
		README.md = README.md
	EndProjectSection
EndProject
Global
	GlobalSection(SolutionConfigurationPlatforms) = preSolution
		Debug|Any CPU = Debug|Any CPU
		Release|Any CPU = Release|Any CPU
	EndGlobalSection
	GlobalSection(ProjectConfigurationPlatforms) = postSolution
		{F12A9C82-09ED-451A-B746-068F58C9A081}.Debug|Any CPU.ActiveCfg = Debug|Any CPU
		{F12A9C82-09ED-451A-B746-068F58C9A081}.Debug|Any CPU.Build.0 = Debug|Any CPU
		{F12A9C82-09ED-451A-B746-068F58C9A081}.Release|Any CPU.ActiveCfg = Release|Any CPU
		{F12A9C82-09ED-451A-B746-068F58C9A081}.Release|Any CPU.Build.0 = Release|Any CPU
		{E19E2CDB-262D-4451-AC08-4DC6AE22BB42}.Debug|Any CPU.ActiveCfg = Debug|Any CPU
		{E19E2CDB-262D-4451-AC08-4DC6AE22BB42}.Debug|Any CPU.Build.0 = Debug|Any CPU
		{E19E2CDB-262D-4451-AC08-4DC6AE22BB42}.Release|Any CPU.ActiveCfg = Release|Any CPU
		{E19E2CDB-262D-4451-AC08-4DC6AE22BB42}.Release|Any CPU.Build.0 = Release|Any CPU
		{B84CCA5A-4C6F-42A8-8697-E4BB5548862F}.Debug|Any CPU.ActiveCfg = Debug|Any CPU
		{B84CCA5A-4C6F-42A8-8697-E4BB5548862F}.Debug|Any CPU.Build.0 = Debug|Any CPU
		{B84CCA5A-4C6F-42A8-8697-E4BB5548862F}.Release|Any CPU.ActiveCfg = Release|Any CPU
		{B84CCA5A-4C6F-42A8-8697-E4BB5548862F}.Release|Any CPU.Build.0 = Release|Any CPU
		{9DB4758C-839A-4D1E-85F2-974048D61B99}.Debug|Any CPU.ActiveCfg = Debug|Any CPU
		{9DB4758C-839A-4D1E-85F2-974048D61B99}.Debug|Any CPU.Build.0 = Debug|Any CPU
		{9DB4758C-839A-4D1E-85F2-974048D61B99}.Release|Any CPU.ActiveCfg = Release|Any CPU
		{9DB4758C-839A-4D1E-85F2-974048D61B99}.Release|Any CPU.Build.0 = Release|Any CPU
	EndGlobalSection
	GlobalSection(SolutionProperties) = preSolution
		HideSolutionNode = FALSE
	EndGlobalSection
	GlobalSection(ExtensibilityGlobals) = postSolution
		SolutionGuid = {72E5E951-9441-45F9-9919-3D476CD12D85}
	EndGlobalSection
EndGlobal
